
Microsoft Visual Studio Solution File, Format Version 12.00
# Visual Studio Version 17
VisualStudioVersion = 17.4.33403.182
MinimumVisualStudioVersion = 10.0.40219.1
Project("{FAE04EC0-301F-11D3-BF4B-00C04F79EFBC}") = "QuanLyNhaSach", "QuanLyNhaSach\QuanLyNhaSach.csproj", "{5AC8AC71-DCC4-43C1-9BEB-A0CF3A0118A2}"
EndProject
Global
	GlobalSection(SolutionConfigurationPlatforms) = preSolution
		Debug|Any CPU = Debug|Any CPU
		Release|Any CPU = Release|Any CPU
	EndGlobalSection
	GlobalSection(ProjectConfigurationPlatforms) = postSolution
		{5AC8AC71-DCC4-43C1-9BEB-A0CF3A0118A2}.Debug|Any CPU.ActiveCfg = Debug|Any CPU
		{5AC8AC71-DCC4-43C1-9BEB-A0CF3A0118A2}.Debug|Any CPU.Build.0 = Debug|Any CPU
		{5AC8AC71-DCC4-43C1-9BEB-A0CF3A0118A2}.Release|Any CPU.ActiveCfg = Release|Any CPU
		{5AC8AC71-DCC4-43C1-9BEB-A0CF3A0118A2}.Release|Any CPU.Build.0 = Release|Any CPU
	EndGlobalSection
	GlobalSection(SolutionProperties) = preSolution
		HideSolutionNode = FALSE
	EndGlobalSection
	GlobalSection(ExtensibilityGlobals) = postSolution
		SolutionGuid = {D55A946D-2F44-4B46-BD30-2A7E22E92C18}
	EndGlobalSection
EndGlobal
